// !$*UTF8*$!
{
	archiveVersion = 1;
	classes = {
	};
	objectVersion = 46;
	objects = {

/* Begin PBXBuildFile section */
		F75D93F51A8D5416002F809E /* AppDelegate.swift in Sources */ = {isa = PBXBuildFile; fileRef = F75D93F41A8D5416002F809E /* AppDelegate.swift */; };
		F75D93F71A8D5416002F809E /* MasterViewController.swift in Sources */ = {isa = PBXBuildFile; fileRef = F75D93F61A8D5416002F809E /* MasterViewController.swift */; };
		F75D93F91A8D5416002F809E /* DetailViewController.swift in Sources */ = {isa = PBXBuildFile; fileRef = F75D93F81A8D5416002F809E /* DetailViewController.swift */; };
		F75D93FC1A8D5416002F809E /* Main.storyboard in Resources */ = {isa = PBXBuildFile; fileRef = F75D93FA1A8D5416002F809E /* Main.storyboard */; };
		F75D93FE1A8D5416002F809E /* Images.xcassets in Resources */ = {isa = PBXBuildFile; fileRef = F75D93FD1A8D5416002F809E /* Images.xcassets */; };
		F75D94011A8D5416002F809E /* LaunchScreen.xib in Resources */ = {isa = PBXBuildFile; fileRef = F75D93FF1A8D5416002F809E /* LaunchScreen.xib */; };
		F75D940D1A8D5417002F809E /* MessageHubClientTests.swift in Sources */ = {isa = PBXBuildFile; fileRef = F75D940C1A8D5417002F809E /* MessageHubClientTests.swift */; };
		F75D94491A8E833A002F809E /* Message.swift in Sources */ = {isa = PBXBuildFile; fileRef = F75D94481A8E833A002F809E /* Message.swift */; };
/* End PBXBuildFile section */

/* Begin PBXContainerItemProxy section */
		F75D94071A8D5417002F809E /* PBXContainerItemProxy */ = {
			isa = PBXContainerItemProxy;
			containerPortal = F75D93E71A8D5416002F809E /* Project object */;
			proxyType = 1;
			remoteGlobalIDString = F75D93EE1A8D5416002F809E;
			remoteInfo = MessageHubClient;
		};
/* End PBXContainerItemProxy section */

/* Begin PBXFileReference section */
		F75D93EF1A8D5416002F809E /* MessageHubClient.app */ = {isa = PBXFileReference; explicitFileType = wrapper.application; includeInIndex = 0; path = MessageHubClient.app; sourceTree = BUILT_PRODUCTS_DIR; };
		F75D93F31A8D5416002F809E /* Info.plist */ = {isa = PBXFileReference; lastKnownFileType = text.plist.xml; path = Info.plist; sourceTree = "<group>"; };
		F75D93F41A8D5416002F809E /* AppDelegate.swift */ = {isa = PBXFileReference; lastKnownFileType = sourcecode.swift; path = AppDelegate.swift; sourceTree = "<group>"; };
		F75D93F61A8D5416002F809E /* MasterViewController.swift */ = {isa = PBXFileReference; lastKnownFileType = sourcecode.swift; path = MasterViewController.swift; sourceTree = "<group>"; };
		F75D93F81A8D5416002F809E /* DetailViewController.swift */ = {isa = PBXFileReference; lastKnownFileType = sourcecode.swift; path = DetailViewController.swift; sourceTree = "<group>"; };
		F75D93FB1A8D5416002F809E /* Base */ = {isa = PBXFileReference; lastKnownFileType = file.storyboard; name = Base; path = Base.lproj/Main.storyboard; sourceTree = "<group>"; };
		F75D93FD1A8D5416002F809E /* Images.xcassets */ = {isa = PBXFileReference; lastKnownFileType = folder.assetcatalog; path = Images.xcassets; sourceTree = "<group>"; };
		F75D94001A8D5416002F809E /* Base */ = {isa = PBXFileReference; lastKnownFileType = file.xib; name = Base; path = Base.lproj/LaunchScreen.xib; sourceTree = "<group>"; };
		F75D94061A8D5417002F809E /* MessageHubClientTests.xctest */ = {isa = PBXFileReference; explicitFileType = wrapper.cfbundle; includeInIndex = 0; path = MessageHubClientTests.xctest; sourceTree = BUILT_PRODUCTS_DIR; };
		F75D940B1A8D5417002F809E /* Info.plist */ = {isa = PBXFileReference; lastKnownFileType = text.plist.xml; path = Info.plist; sourceTree = "<group>"; };
		F75D940C1A8D5417002F809E /* MessageHubClientTests.swift */ = {isa = PBXFileReference; lastKnownFileType = sourcecode.swift; path = MessageHubClientTests.swift; sourceTree = "<group>"; };
		F75D94481A8E833A002F809E /* Message.swift */ = {isa = PBXFileReference; fileEncoding = 4; lastKnownFileType = sourcecode.swift; path = Message.swift; sourceTree = "<group>"; };
/* End PBXFileReference section */

/* Begin PBXFrameworksBuildPhase section */
		F75D93EC1A8D5416002F809E /* Frameworks */ = {
			isa = PBXFrameworksBuildPhase;
			buildActionMask = 2147483647;
			files = (
			);
			runOnlyForDeploymentPostprocessing = 0;
		};
		F75D94031A8D5417002F809E /* Frameworks */ = {
			isa = PBXFrameworksBuildPhase;
			buildActionMask = 2147483647;
			files = (
			);
			runOnlyForDeploymentPostprocessing = 0;
		};
/* End PBXFrameworksBuildPhase section */

/* Begin PBXGroup section */
		F75D93E61A8D5416002F809E = {
			isa = PBXGroup;
			children = (
				F75D93F11A8D5416002F809E /* MessageHubClient */,
				F75D94091A8D5417002F809E /* MessageHubClientTests */,
				F75D93F01A8D5416002F809E /* Products */,
			);
			sourceTree = "<group>";
		};
		F75D93F01A8D5416002F809E /* Products */ = {
			isa = PBXGroup;
			children = (
				F75D93EF1A8D5416002F809E /* MessageHubClient.app */,
				F75D94061A8D5417002F809E /* MessageHubClientTests.xctest */,
			);
			name = Products;
			sourceTree = "<group>";
		};
		F75D93F11A8D5416002F809E /* MessageHubClient */ = {
			isa = PBXGroup;
			children = (
				F75D93F41A8D5416002F809E /* AppDelegate.swift */,
				F75D94481A8E833A002F809E /* Message.swift */,
				F75D93F61A8D5416002F809E /* MasterViewController.swift */,
				F75D93F81A8D5416002F809E /* DetailViewController.swift */,
				F75D93FA1A8D5416002F809E /* Main.storyboard */,
				F75D93FD1A8D5416002F809E /* Images.xcassets */,
				F75D93FF1A8D5416002F809E /* LaunchScreen.xib */,
				F75D93F21A8D5416002F809E /* Supporting Files */,
			);
			path = MessageHubClient;
			sourceTree = "<group>";
		};
		F75D93F21A8D5416002F809E /* Supporting Files */ = {
			isa = PBXGroup;
			children = (
				F75D93F31A8D5416002F809E /* Info.plist */,
			);
			name = "Supporting Files";
			sourceTree = "<group>";
		};
		F75D94091A8D5417002F809E /* MessageHubClientTests */ = {
			isa = PBXGroup;
			children = (
				F75D940C1A8D5417002F809E /* MessageHubClientTests.swift */,
				F75D940A1A8D5417002F809E /* Supporting Files */,
			);
			path = MessageHubClientTests;
			sourceTree = "<group>";
		};
		F75D940A1A8D5417002F809E /* Supporting Files */ = {
			isa = PBXGroup;
			children = (
				F75D940B1A8D5417002F809E /* Info.plist */,
			);
			name = "Supporting Files";
			sourceTree = "<group>";
		};
/* End PBXGroup section */

/* Begin PBXNativeTarget section */
		F75D93EE1A8D5416002F809E /* MessageHubClient */ = {
			isa = PBXNativeTarget;
			buildConfigurationList = F75D94101A8D5417002F809E /* Build configuration list for PBXNativeTarget "MessageHubClient" */;
			buildPhases = (
				F75D93EB1A8D5416002F809E /* Sources */,
				F75D93EC1A8D5416002F809E /* Frameworks */,
				F75D93ED1A8D5416002F809E /* Resources */,
			);
			buildRules = (
			);
			dependencies = (
			);
			name = MessageHubClient;
			productName = MessageHubClient;
			productReference = F75D93EF1A8D5416002F809E /* MessageHubClient.app */;
			productType = "com.apple.product-type.application";
		};
		F75D94051A8D5417002F809E /* MessageHubClientTests */ = {
			isa = PBXNativeTarget;
			buildConfigurationList = F75D94131A8D5417002F809E /* Build configuration list for PBXNativeTarget "MessageHubClientTests" */;
			buildPhases = (
				F75D94021A8D5417002F809E /* Sources */,
				F75D94031A8D5417002F809E /* Frameworks */,
				F75D94041A8D5417002F809E /* Resources */,
			);
			buildRules = (
			);
			dependencies = (
				F75D94081A8D5417002F809E /* PBXTargetDependency */,
			);
			name = MessageHubClientTests;
			productName = MessageHubClientTests;
			productReference = F75D94061A8D5417002F809E /* MessageHubClientTests.xctest */;
			productType = "com.apple.product-type.bundle.unit-test";
		};
/* End PBXNativeTarget section */

/* Begin PBXProject section */
		F75D93E71A8D5416002F809E /* Project object */ = {
			isa = PBXProject;
			attributes = {
				LastUpgradeCheck = 0610;
				ORGANIZATIONNAME = "Troy Sultan";
				TargetAttributes = {
					F75D93EE1A8D5416002F809E = {
						CreatedOnToolsVersion = 6.1.1;
					};
					F75D94051A8D5417002F809E = {
						CreatedOnToolsVersion = 6.1.1;
						TestTargetID = F75D93EE1A8D5416002F809E;
					};
				};
			};
			buildConfigurationList = F75D93EA1A8D5416002F809E /* Build configuration list for PBXProject "MessageHubClient" */;
			compatibilityVersion = "Xcode 3.2";
			developmentRegion = English;
			hasScannedForEncodings = 0;
			knownRegions = (
				en,
				Base,
			);
			mainGroup = F75D93E61A8D5416002F809E;
			productRefGroup = F75D93F01A8D5416002F809E /* Products */;
			projectDirPath = "";
			projectRoot = "";
			targets = (
				F75D93EE1A8D5416002F809E /* MessageHubClient */,
				F75D94051A8D5417002F809E /* MessageHubClientTests */,
			);
		};
/* End PBXProject section */

/* Begin PBXResourcesBuildPhase section */
		F75D93ED1A8D5416002F809E /* Resources */ = {
			isa = PBXResourcesBuildPhase;
			buildActionMask = 2147483647;
			files = (
				F75D93FC1A8D5416002F809E /* Main.storyboard in Resources */,
				F75D94011A8D5416002F809E /* LaunchScreen.xib in Resources */,
				F75D93FE1A8D5416002F809E /* Images.xcassets in Resources */,
			);
			runOnlyForDeploymentPostprocessing = 0;
		};
		F75D94041A8D5417002F809E /* Resources */ = {
			isa = PBXResourcesBuildPhase;
			buildActionMask = 2147483647;
			files = (
			);
			runOnlyForDeploymentPostprocessing = 0;
		};
/* End PBXResourcesBuildPhase section */

/* Begin PBXSourcesBuildPhase section */
		F75D93EB1A8D5416002F809E /* Sources */ = {
			isa = PBXSourcesBuildPhase;
			buildActionMask = 2147483647;
			files = (
				F75D93F91A8D5416002F809E /* DetailViewController.swift in Sources */,
				F75D94491A8E833A002F809E /* Message.swift in Sources */,
				F75D93F71A8D5416002F809E /* MasterViewController.swift in Sources */,
				F75D93F51A8D5416002F809E /* AppDelegate.swift in Sources */,
			);
			runOnlyForDeploymentPostprocessing = 0;
		};
		F75D94021A8D5417002F809E /* Sources */ = {
			isa = PBXSourcesBuildPhase;
			buildActionMask = 2147483647;
			files = (
				F75D940D1A8D5417002F809E /* MessageHubClientTests.swift in Sources */,
			);
			runOnlyForDeploymentPostprocessing = 0;
		};
/* End PBXSourcesBuildPhase section */

/* Begin PBXTargetDependency section */
		F75D94081A8D5417002F809E /* PBXTargetDependency */ = {
			isa = PBXTargetDependency;
			target = F75D93EE1A8D5416002F809E /* MessageHubClient */;
			targetProxy = F75D94071A8D5417002F809E /* PBXContainerItemProxy */;
		};
/* End PBXTargetDependency section */

/* Begin PBXVariantGroup section */
		F75D93FA1A8D5416002F809E /* Main.storyboard */ = {
			isa = PBXVariantGroup;
			children = (
				F75D93FB1A8D5416002F809E /* Base */,
			);
			name = Main.storyboard;
			sourceTree = "<group>";
		};
		F75D93FF1A8D5416002F809E /* LaunchScreen.xib */ = {
			isa = PBXVariantGroup;
			children = (
				F75D94001A8D5416002F809E /* Base */,
			);
			name = LaunchScreen.xib;
			sourceTree = "<group>";
		};
/* End PBXVariantGroup section */

/* Begin XCBuildConfiguration section */
		F75D940E1A8D5417002F809E /* Debug */ = {
			isa = XCBuildConfiguration;
			buildSettings = {
				ALWAYS_SEARCH_USER_PATHS = NO;
				CLANG_CXX_LANGUAGE_STANDARD = "gnu++0x";
				CLANG_CXX_LIBRARY = "libc++";
				CLANG_ENABLE_MODULES = YES;
				CLANG_ENABLE_OBJC_ARC = YES;
				CLANG_WARN_BOOL_CONVERSION = YES;
				CLANG_WARN_CONSTANT_CONVERSION = YES;
				CLANG_WARN_DIRECT_OBJC_ISA_USAGE = YES_ERROR;
				CLANG_WARN_EMPTY_BODY = YES;
				CLANG_WARN_ENUM_CONVERSION = YES;
				CLANG_WARN_INT_CONVERSION = YES;
				CLANG_WARN_OBJC_ROOT_CLASS = YES_ERROR;
				CLANG_WARN_UNREACHABLE_CODE = YES;
				CLANG_WARN__DUPLICATE_METHOD_MATCH = YES;
				"CODE_SIGN_IDENTITY[sdk=iphoneos*]" = "iPhone Developer";
				COPY_PHASE_STRIP = NO;
				ENABLE_STRICT_OBJC_MSGSEND = YES;
				GCC_C_LANGUAGE_STANDARD = gnu99;
				GCC_DYNAMIC_NO_PIC = NO;
				GCC_OPTIMIZATION_LEVEL = 0;
				GCC_PREPROCESSOR_DEFINITIONS = (
					"DEBUG=1",
					"$(inherited)",
				);
				GCC_SYMBOLS_PRIVATE_EXTERN = NO;
				GCC_WARN_64_TO_32_BIT_CONVERSION = YES;
				GCC_WARN_ABOUT_RETURN_TYPE = YES_ERROR;
				GCC_WARN_UNDECLARED_SELECTOR = YES;
				GCC_WARN_UNINITIALIZED_AUTOS = YES_AGGRESSIVE;
				GCC_WARN_UNUSED_FUNCTION = YES;
				GCC_WARN_UNUSED_VARIABLE = YES;
				IPHONEOS_DEPLOYMENT_TARGET = 8.1;
				MTL_ENABLE_DEBUG_INFO = YES;
				ONLY_ACTIVE_ARCH = YES;
				SDKROOT = iphoneos;
				SWIFT_OPTIMIZATION_LEVEL = "-Onone";
			};
			name = Debug;
		};
		F75D940F1A8D5417002F809E /* Release */ = {
			isa = XCBuildConfiguration;
			buildSettings = {
				ALWAYS_SEARCH_USER_PATHS = NO;
				CLANG_CXX_LANGUAGE_STANDARD = "gnu++0x";
				CLANG_CXX_LIBRARY = "libc++";
				CLANG_ENABLE_MODULES = YES;
				CLANG_ENABLE_OBJC_ARC = YES;
				CLANG_WARN_BOOL_CONVERSION = YES;
				CLANG_WARN_CONSTANT_CONVERSION = YES;
				CLANG_WARN_DIRECT_OBJC_ISA_USAGE = YES_ERROR;
				CLANG_WARN_EMPTY_BODY = YES;
				CLANG_WARN_ENUM_CONVERSION = YES;
				CLANG_WARN_INT_CONVERSION = YES;
				CLANG_WARN_OBJC_ROOT_CLASS = YES_ERROR;
				CLANG_WARN_UNREACHABLE_CODE = YES;
				CLANG_WARN__DUPLICATE_METHOD_MATCH = YES;
				"CODE_SIGN_IDENTITY[sdk=iphoneos*]" = "iPhone Developer";
				COPY_PHASE_STRIP = YES;
				ENABLE_NS_ASSERTIONS = NO;
				ENABLE_STRICT_OBJC_MSGSEND = YES;
				GCC_C_LANGUAGE_STANDARD = gnu99;
				GCC_WARN_64_TO_32_BIT_CONVERSION = YES;
				GCC_WARN_ABOUT_RETURN_TYPE = YES_ERROR;
				GCC_WARN_UNDECLARED_SELECTOR = YES;
				GCC_WARN_UNINITIALIZED_AUTOS = YES_AGGRESSIVE;
				GCC_WARN_UNUSED_FUNCTION = YES;
				GCC_WARN_UNUSED_VARIABLE = YES;
				IPHONEOS_DEPLOYMENT_TARGET = 8.1;
				MTL_ENABLE_DEBUG_INFO = NO;
				SDKROOT = iphoneos;
				VALIDATE_PRODUCT = YES;
			};
			name = Release;
		};
		F75D94111A8D5417002F809E /* Debug */ = {
			isa = XCBuildConfiguration;
			buildSettings = {
				ASSETCATALOG_COMPILER_APPICON_NAME = AppIcon;
				INFOPLIST_FILE = MessageHubClient/Info.plist;
				LD_RUNPATH_SEARCH_PATHS = "$(inherited) @executable_path/Frameworks";
				PRODUCT_NAME = "$(TARGET_NAME)";
			};
			name = Debug;
		};
		F75D94121A8D5417002F809E /* Release */ = {
			isa = XCBuildConfiguration;
			buildSettings = {
				ASSETCATALOG_COMPILER_APPICON_NAME = AppIcon;
				INFOPLIST_FILE = MessageHubClient/Info.plist;
				LD_RUNPATH_SEARCH_PATHS = "$(inherited) @executable_path/Frameworks";
				PRODUCT_NAME = "$(TARGET_NAME)";
			};
			name = Release;
		};
		F75D94141A8D5417002F809E /* Debug */ = {
			isa = XCBuildConfiguration;
			buildSettings = {
				BUNDLE_LOADER = "$(TEST_HOST)";
				FRAMEWORK_SEARCH_PATHS = (
					"$(SDKROOT)/Developer/Library/Frameworks",
					"$(inherited)",
				);
				GCC_PREPROCESSOR_DEFINITIONS = (
					"DEBUG=1",
					"$(inherited)",
				);
				INFOPLIST_FILE = MessageHubClientTests/Info.plist;
				LD_RUNPATH_SEARCH_PATHS = "$(inherited) @executable_path/Frameworks @loader_path/Frameworks";
				PRODUCT_NAME = "$(TARGET_NAME)";
				TEST_HOST = "$(BUILT_PRODUCTS_DIR)/MessageHubClient.app/MessageHubClient";
			};
			name = Debug;
		};
		F75D94151A8D5417002F809E /* Release */ = {
			isa = XCBuildConfiguration;
			buildSettings = {
				BUNDLE_LOADER = "$(TEST_HOST)";
				FRAMEWORK_SEARCH_PATHS = (
					"$(SDKROOT)/Developer/Library/Frameworks",
					"$(inherited)",
				);
				INFOPLIST_FILE = MessageHubClientTests/Info.plist;
				LD_RUNPATH_SEARCH_PATHS = "$(inherited) @executable_path/Frameworks @loader_path/Frameworks";
				PRODUCT_NAME = "$(TARGET_NAME)";
				TEST_HOST = "$(BUILT_PRODUCTS_DIR)/MessageHubClient.app/MessageHubClient";
			};
			name = Release;
		};
/* End XCBuildConfiguration section */

/* Begin XCConfigurationList section */
		F75D93EA1A8D5416002F809E /* Build configuration list for PBXProject "MessageHubClient" */ = {
			isa = XCConfigurationList;
			buildConfigurations = (
				F75D940E1A8D5417002F809E /* Debug */,
				F75D940F1A8D5417002F809E /* Release */,
			);
			defaultConfigurationIsVisible = 0;
			defaultConfigurationName = Release;
		};
		F75D94101A8D5417002F809E /* Build configuration list for PBXNativeTarget "MessageHubClient" */ = {
			isa = XCConfigurationList;
			buildConfigurations = (
				F75D94111A8D5417002F809E /* Debug */,
				F75D94121A8D5417002F809E /* Release */,
			);
			defaultConfigurationIsVisible = 0;
		};
		F75D94131A8D5417002F809E /* Build configuration list for PBXNativeTarget "MessageHubClientTests" */ = {
			isa = XCConfigurationList;
			buildConfigurations = (
				F75D94141A8D5417002F809E /* Debug */,
				F75D94151A8D5417002F809E /* Release */,
			);
			defaultConfigurationIsVisible = 0;
		};
/* End XCConfigurationList section */
	};
	rootObject = F75D93E71A8D5416002F809E /* Project object */;
}
